#
# This file is autogenerated by pip-compile with Python 3.12
# by the following command:
#
#    pip-compile --cert=None --client-cert=None --extra=dev --generate-hashes --index-url=None --output-file=requirements-dev.lock --pip-args=None --strip-extras pyproject.toml
#
aiokafka==0.14.0 \
    --hash=sha256:1086b470f6c452471603a2d9c8d6933739230c75758d777d8d113ff8112bad68 \
    --hash=sha256:128127eb96dab98150b636bb5f480c80e15f02f82a118eec206a521c8cf7cf7c \
    --hash=sha256:1cd651e1f56571baae306fdd0b5509047ab9625797a24cd75902e139c5a20318 \
    --hash=sha256:201e38ecc595f9f65a945f1ef9085157ddf28f25cd2e482fd9efa1fcf4638213 \
    --hash=sha256:219d2dc66b97b1aaea100697c928024b6a0348b7baa370b824900054bf86916e \
    --hash=sha256:284a90d617584d7e42688a181aaa8c2a909d9c658ab9b69c6cf92f4df5c4b320 \
    --hash=sha256:2c767f320c902b126b7b37afb4ade241dc96e7d74b3515f0d0c1c8a800065113 \
    --hash=sha256:32a8e91d88cf3ccf0778927715610d6579888c5f4748db4c2022cda25d628a48 \
    --hash=sha256:4fd32fbddaae68ff12960ab79e368375e925920547e53997333c41f5c63b076f \
    --hash=sha256:5383991dcad641868a0af78c42ac86a1406ccf9803a20e2d690fc34a6119134e \
    --hash=sha256:549ac4bf3bbc823151fd4bdf761d644db8b0271bd9ae3f110b7f5ab804fcc1aa \
    --hash=sha256:5d70615d1530ad19d0c4da8d87abaec0a12b9fdaabffdcd4e400efa0c50ef80c \
    --hash=sha256:75e4a003502c9c3b5c705fa7c00d634ba146bf38fa5d525b80bb6ff6e3e779fe \
    --hash=sha256:7e2392360c370b1ba6564c57d2889e154ecdb43157a8f7b7d7afe5e3c02fcc1a \
    --hash=sha256:8ffdc945798ba4d3d132b705d4244d0a1f493925efb57c637a2ca88ee82794e1 \
    --hash=sha256:91f34a6f8626b20f0adacdd364036f40d1da85d213c2cf7be0607cde2c8d0f2b \
    --hash=sha256:9a7be05a3c72fa53c87b2a1c3979ca64d7fda870edb520ffc2871c2e7c99cd08 \
    --hash=sha256:9fa8416efd9f260c76125eceb554c4d731115df11d15fe6c4356a4855df7eccb \
    --hash=sha256:a009ffd44afdcc2e982986dc0c80c60b3553b46d8666eafa78a69038f24036e6 \
    --hash=sha256:a128e213cbc2bce0ea3db65a68920e52cebeeb8209bf001ac7aa022a8bd54d7d \
    --hash=sha256:aa385039aa9b235359319bbdcf48c9c86a75d81c9c547d645056d00361238903 \
    --hash=sha256:aad4a575a506e7784e25e430f27026fe2f4378560b21b7f4e8c9a54f0d06eaee \
    --hash=sha256:b4f211d9e03a1fc83871a37eefcf307bc0943ee99adae25aa39bd1722e70747b \
    --hash=sha256:bcf3a8f6592d73f45965ca0750bfdfccf2555c8625358175c92f75f2cce1261a \
    --hash=sha256:be517b9b9513eba43ba19961dd770a6e26d08325743093feb47182770d235dd9 \
    --hash=sha256:ccacd1c5e0e3e1ab4d2b3dac5228623e5a682915a61d2adc2e018015aa259475 \
    --hash=sha256:ceb49c78b3e08ed3f9ff85350932ae59788596e8b45c6a4ca5d599337ba261e9 \
    --hash=sha256:d6fa16bef3544be87bd1a7a8317b9d85e3da59f3202326d9ff22735ed052746e \
    --hash=sha256:db16e43fac4c1c5006131046c1bf370c580d6ac4495a10ac7778245710943179 \
    --hash=sha256:e51d48110767f228a44ccfd6e41c5444644c55e01f73b0a021227f19803a3714 \
    --hash=sha256:f68e75acf03631ea046b00bc8cc9aca8e3eb89486468b884629586ae6f2c63bc
    # via rxrelay-ingestion (pyproject.toml)
annotated-doc==0.0.5 \
    --hash=sha256:117bac03a25ede5df5440e855b32d556049ca169ead221505badf432fed4b101 \
    --hash=sha256:c7e58ce09192557605d8bbd92836d7e1d520ac9580096042c0bfd197efacf1bb
    # via fastapi
annotated-types==0.8.0 \
    --hash=sha256:13b2beaad985e05e2d6407ee4c4f35590b11f8d693a258a561055cac8f64cab7 \
    --hash=sha256:f072f4d804ea359e4eaf198b1af7a8b0943881a87f31bb764f8bf219bb9419e0
    # via pydantic
anyio==4.14.2 \
    --hash=sha256:9f505dda5ac9f0c8309b5e8bd445a8c2bf7246f3ce950121e45ea15bc41d1494 \
    --hash=sha256:cfa139f3ed1a23ee8f88a145ddb5ac7605b8bbfd8592baacd7ce3d8bb4313c7f
    # via
    #   httpx
    #   starlette
async-timeout==5.0.1 \
    --hash=sha256:39e3809566ff85354557ec2398b55e096c8364bacac9405a7a1fa429e77fe76c \
    --hash=sha256:d9321a7a3d5a6a5e187e824d2fa0793ce379a202935782d555d6e9d2735677d3
    # via aiokafka
attrs==26.1.0 \
    --hash=sha256:c647aa4a12dfbad9333ca4e71fe62ddc36f4e63b2d260a37a8b83d2f043ac309 \
    --hash=sha256:d03ceb89cb322a8fd706d4fb91940737b6642aa36998fe130a9bc96c985eff32
    # via
    #   jsonschema
    #   referencing
certifi==2026.7.22 \
    --hash=sha256:62f22742b58a1a33014a2b6b706588a8d7e2a88ae7bd1a6ebe8c992928483775 \
    --hash=sha256:741e2c3b351ddf169a738da9f2c048608ff7f2c5cc02f1ebc6b118bb090d5d55
    # via
    #   httpcore
    #   httpx
click==8.4.2 \
    --hash=sha256:9a6cea6e60b17ebe0a44c5cc636d94f09bd66142c1cd7d8b4cd731c4917a15f6 \
    --hash=sha256:e6f9f66136c816745b9d65817da91d61d957fb16e02e4dcd0552553c5a197b76
    # via uvicorn
colorama==0.4.6 \
    --hash=sha256:08695f5cb7ed6e0531a20572697297273c47b8cae5a63ffc6d6ed5c201be6e44 \
    --hash=sha256:4f1d9991f5acc0ca119f9d443620b77f9d6b33703e51011c16baf57afb285fc6
    # via
    #   click
    #   pytest
fastapi==0.141.1 \
    --hash=sha256:bfb91aa2d334c61cb35ba9a116fc123b3d3df31640b801cf57a7a78ec3f603b3 \
    --hash=sha256:e8822fc40db1e1858054d7a949a888695bc9bdce70139178e33bd2871a453ca1
    # via rxrelay-ingestion (pyproject.toml)
h11==0.16.0 \
    --hash=sha256:4e35b956cf45792e4caa5885e69fba00bdbc6ffafbfa020300e549b208ee5ff1 \
    --hash=sha256:63cf8bbe7522de3bf65932fda1d9c2772064ffb3dae62d55932da54b31cb6c86
    # via
    #   httpcore
    #   uvicorn
httpcore==1.0.9 \
    --hash=sha256:2d400746a40668fc9dec9810239072b40b4484b640a8c38fd654a024c7a1bf55 \
    --hash=sha256:6e34463af53fd2ab5d807f399a9b45ea31c3dfa2276f15a2c3f00afff6e176e8
    # via httpx
httpx==0.28.1 \
    --hash=sha256:75e98c5f16b0f35b567856f597f06ff2270a374470a5c2392242528e3e3e42fc \
    --hash=sha256:d909fcccc110f8c7faf814ca82a9a4d816bc5a6dbfea25d6591d6985b8ba59ad
    # via
    #   respx
    #   rxrelay-ingestion (pyproject.toml)
idna==3.19 \
    --hash=sha256:5e0811a4383b21dc5838069f801c4fb62113b7447663d2530d2bd6e77b49bf15 \
    --hash=sha256:815e7be7a7806d54abb586dc943addc79e8b2ee16915059658cbeff4b1b43bf4
    # via
    #   anyio
    #   httpx
iniconfig==2.3.0 \
    --hash=sha256:c76315c77db068650d49c5b56314774a7804df16fee4402c1f19d6d15d8c4730 \
    --hash=sha256:f631c04d2c48c52b84d0d0549c99ff3859c98df65b3101406327ecc7d53fbf12
    # via pytest
jsonschema==4.26.0 \
    --hash=sha256:0c26707e2efad8aa1bfc5b7ce170f3fccc2e4918ff85989ba9ffa9facb2be326 \
    --hash=sha256:d489f15263b8d200f8387e64b4c3a75f06629559fb73deb8fdfb525f2dab50ce
    # via rxrelay-ingestion (pyproject.toml)
jsonschema-specifications==2025.9.1 \
    --hash=sha256:98802fee3a11ee76ecaca44429fda8a41bff98b00a0f2838151b113f210cc6fe \
    --hash=sha256:b540987f239e745613c7a9176f3edb72b832a4ac465cf02712288397832b5e8d
    # via jsonschema
librt==0.15.0 \
    --hash=sha256:04d5387b908676c0b8d5d2f5fb58373b4ea382d81f7a6f0fab8ea2a462bb4738 \
    --hash=sha256:077471b3182db4e17c36ae91555f36a4d2c00080b267f749bcad34a478a9a302 \
    --hash=sha256:0a15cb554761247d84a3ec0cbdf4078d70725384f0e4662c0fa3b26266eb60ad \
    --hash=sha256:0da0d94cb802f32a0524653e7201f2cef72d5f700a5407678f5290483d4fcd08 \
    --hash=sha256:0e2d0c0acf5b0ada7d045912b7cf787c21315c95b38b1fa939ef72d45d366b3d \
    --hash=sha256:0f0ee3644d951f31055ad07d77d92520e84505dd7a432cc4cd501dd70ee06785 \
    --hash=sha256:1172c6ad2a88b646e7fe3b480e3fac4ab4418b3443fd8a4061fdd531e0622fc7 \
    --hash=sha256:1256589e0b0adb31751d685a68bce29d73407ddf4ef05d4188f49d5dcf9566d9 \
    --hash=sha256:1a1a8cd430c7dd0c083f455cb1b328d7fc682b05c31b940906f7845bdff80881 \
    --hash=sha256:1cd3b721f24c206398b9e26da3c3a9c011e6e89d06f318ba8ebefc30f1003890 \
    --hash=sha256:1e47b8ba865d7ede071a91a7163073bbaeb72541f1ef8a07d512c45c7b5007f2 \
    --hash=sha256:1f4ef2e71db33df4309167ed7f1520c4fae5e611226e159fa9cf33f93e6ddb3d \
    --hash=sha256:2067ff438048cead9d223ca5675bae2a25e520a7c3e6c1498bf9c6892d22caab \
    --hash=sha256:22d6263b9d39d7bbb286fa791945646e3218f1be2d693e36fb630f1d0e59cd13 \
    --hash=sha256:234d8d394721fa0d786af15ebf1f3fb7f3ed82fd1cd0cde45c2f247b5d4281d2 \
    --hash=sha256:256237037a3ab001ae8d9803b2d43562a4c3aa38739843694349e4d5ebb0fd56 \
    --hash=sha256:291bf73caf78b9e88d6fae9bfd693207ff7d832e2fdbe2cf8e746bc13f5f892b \
    --hash=sha256:29c4cab9df457b19672c39be7f384ebb2bc925c4e2684b8780c222b43eb36389 \
    --hash=sha256:2cfd1a81a648806e6a7717be4cc4d1bb392fa229752bf8444ba365e381e984d6 \
    --hash=sha256:2fde98cf1fc4bac144ce23c2c4c017b924ba714509ea9334977b0b27050c837d \
    --hash=sha256:32896a0af72508ea979e0acb4e4c04cbeeae04938167950d535c83c45597167d \
    --hash=sha256:355e3a4c725225a14262004fc1872a552b9d3634b4f791a0dfc80804aafbfd55 \
    --hash=sha256:3722a099730704c9a3d70c879fc0f51daec25fe5f1555672d97bc595abeafb95 \
    --hash=sha256:38c0c7d4b6fc06c3324b3f9162c8391bfc4fd9dde53afe1033ce7edb48d5a714 \
    --hash=sha256:39ffd14646190c454f0d86e0d256b33f00a87a26ab410e619773b841d0e41416 \
    --hash=sha256:3de789c82752730f94782a5ee518baf9c05edf85733aeaf73bb6e518755cdf54 \
    --hash=sha256:3e79f05e4a08b4d880342673312bbc895b56df7765605796f15902eb5367d3ae \
    --hash=sha256:3ff5893a2c23d886aa9ce786de5ac6ddc74aeeaf90743682b74d920e117d2e28 \
    --hash=sha256:411ca4d1b905b860ceba7570dd6717a71dedaddcc4b0f77ece710aa41ee11f8d \
    --hash=sha256:4388184646efe2054911c5b00a1077d6d1ee86a95b7e8ba96dc7850a809f3f40 \
    --hash=sha256:4a6369168d371207339b1e50d4532b06a7121586141f82599505a3f315751d47 \
    --hash=sha256:4bbcc257e3babea20a91715c361b24554ec4e8f51aa578568afc230799fe1a19 \
    --hash=sha256:4e66cbe84437497d951b799d3e1551291b6fb3d643820a7014b3655d57a59162 \
    --hash=sha256:4e6ee93fc3cf848dcbf0cce2eca73d8e7dcd0cc2b6df3a529d57750b30a4c55c \
    --hash=sha256:4eafbaff06b9563f8b1c850621ce51605de05208e09d4d71ce490bc972b7b9e8 \
    --hash=sha256:52e8db01f603f5da0ca30987479acff98769382efc8e142fa3962395dcf3ffdb \
    --hash=sha256:5500eeae393a184d14e1f35645962c27129d20c81afa4069e6ef826ebc2b3aaa \
    --hash=sha256:55456ea87d8df21808446d03817be2f65e20391c1c615d9187440dff28cd08dc \
    --hash=sha256:5563302a8359bc2295bb7084d1a8ed1519df96afb30eb2aa4e0bff7b54228988 \
    --hash=sha256:567b1c430f8bd560e689421468278ac5941bab4a05303b5d95b6ae10db03f451 \
    --hash=sha256:57f5eeb6ad4c180de583b1038e61fe5fbd9796bb69a8a1c1a0c7ddbec4c8c60f \
    --hash=sha256:59fe030d8ae4a57e3fb7756bf35a858de74e04066fc8555c53d0af979132af81 \
    --hash=sha256:5a6526a2a956bbb1e4ae3568c82e650fc99119c66bb011ea60715744955a2b4d \
    --hash=sha256:5a86a5a08c2235316bdb359d5dbb6ce0abfca7fac06363103e2c5af571d92f95 \
    --hash=sha256:5d2a91724463bfed4f573cd7a9fdc856d2e230d0c0e5a61416a93481dccd8605 \
    --hash=sha256:64b0c8c35aa4c4ed79896359f3e0b285cbe4e610042106500da4811c322cc108 \
    --hash=sha256:68242379c9b65a582b6e97318a1e9fbd6d445e58954f2d437991c4804ab11578 \
    --hash=sha256:6912fa5e635d74529ac7cdb1bdf6ca3af4453da8d1edbe0110ee1cb4ad407ebf \
    --hash=sha256:6c013cd3a1721e69e14380ada97eaa4b7b0cdf1c6b96fa765d4ea47c875088db \
    --hash=sha256:6c0eb900c0e91f4aebe680845242e614f1864edfd44106380d0752ac29522bf8 \
    --hash=sha256:6c6624fe268625869485553dd7cc1daf30d22558215bb2a4ff16f67a9801a31a \
    --hash=sha256:6d15a29033c57490cfe2069097c6fc4049e4e65ffbb749be7dc453b7c4c68965 \
    --hash=sha256:6d28a05796b99f749bf8794f17ba9ba1612d0076b802e9cfc62c554634e9ce3b \
    --hash=sha256:6d5225ef8801e4ea5e482fa9b5dfb891dd9ef6f6d870f1f25d449ca2c70ac218 \
    --hash=sha256:6da110e5f314c19ab8478464d02ae18808ae73d522c15260fa4918acdcd64da9 \
    --hash=sha256:6ecfc32dfb46fb7b565bcd6abf9412acf978775a998273d22888a6d7953730dd \
    --hash=sha256:713bd7df21170b982e729e46870f31d6b437bd1a9b4648cffb529bd3c2ec5c4b \
    --hash=sha256:71599e011ac880e8e45d46047d714871894c7d4ab6f25626f8d4f89da21f368d \
    --hash=sha256:7220697efaa6e5348fc3d18ee7f8563d4bfecd9872b37ffb915bfc1d08840622 \
    --hash=sha256:73b30cfa976659b3917c8f6153bdb0591c6a9ec6583599fd24a689b690622022 \
    --hash=sha256:779a6e7c894737e5983e7790a9c78c4000c30e23c9aada08081bdbea53b0fa60 \
    --hash=sha256:80811e1c42386ea95c6fb30571d3250ad43d7863f883f787f70517f441150e59 \
    --hash=sha256:814ff83a25b5fce8b9c80c4dd803153fb5c5599fc74db9e022466938368957ef \
    --hash=sha256:81a398f45b45a59200e13cd5ad1ae1d3f44334de98b148331afe2cdfee701c52 \
    --hash=sha256:823b92cf3c18ecd08afc70c42473888b41b6e8ef5046f3b82c05c154a2fa3d22 \
    --hash=sha256:82909c8f7eb9952656b65d3147afde4cf8e6d5a991eebc86418b5e65843b0ab8 \
    --hash=sha256:83380ffde38062a2e9bb55d83e74474f6614665528b98a6928720fc006dfffbb \
    --hash=sha256:8443e38dcfcfdbcf5add5118c623efd788d65ac2e25756d6251a54a06a4d0aca \
    --hash=sha256:84d244b00604d17df3fc7736c327892d6bba66181254aa4087be807b6c342bdc \
    --hash=sha256:856f743ae607f2c1380eccb566c0038a9fb3eabf0fc2be2704d76d9f73557239 \
    --hash=sha256:85ea21ec6730194d67156b0e0b5430ccb1d61f8b8b907e39b37f9812b74a13f0 \
    --hash=sha256:86a21a7bd3fe3a419512ef424cc1c020f6771d0b29cfddff36d1635a855e63f0 \
    --hash=sha256:88c2a17815c266e6d8180204ff62cb739ab869ada4a746d4c505331526ac58f1 \
    --hash=sha256:89cc46cfd15022e35084355478c9ac809d90b1152222706ac9a7655ec21df6fa \
    --hash=sha256:8ae493ed5f659a7761c43d42f183db514536073ded9bcf671d2d1df47e29a07e \
    --hash=sha256:8b2fdd7ead3c995c37940a790690660d0ca006c302db26cc51933f6766866fc3 \
    --hash=sha256:8b62076030baa2d8b1501a46bf0e19c27a489aa90671c55665bff7887f7660b0 \
    --hash=sha256:8e11699ed745931c395acd3621b07062e0f840efa6935aad87a64ed0995f0915 \
    --hash=sha256:92bfed8deec93df30286b9fe9e3b1dd17329cc076a192b4ee5ec223841d54953 \
    --hash=sha256:96bb17dbe8bab3c0954fbebfc69ed395599de75b6bbc35e3270a878e15d4dd65 \
    --hash=sha256:97335f59082f9fe2ce6c2a9cc6433a0114bbb6cd4d5c09dd76c95c68b9f9a8b0 \
    --hash=sha256:a417149c0cba4d50b61e992e5a15e69eaf96746609b461cc4ed168aeef6b79dd \
    --hash=sha256:a5207ec414d1c4a2a7231b2086970dc036f94293cdf338190984958a013a42f1 \
    --hash=sha256:a54cf9e0ef47b96af580849db5471142200568ce1e02cbf416addab551369570 \
    --hash=sha256:a56a1d4f859a82ca5b99fc4b82c9b027b15e3c455c5cd99e7d0719f27bb20b6c \
    --hash=sha256:a5fa8f1f916988d0bf1afea005bda37f56ac41a18016e813ccf0097a8d460ca4 \
    --hash=sha256:a6cd22c9da0d866558e46a041f1cc0c2bbb26b61b137b2347fa834c332e1d101 \
    --hash=sha256:aa1f1995789dca3698bc550aaceb09a51bd5df0a057ff84ff15296cd1975b801 \
    --hash=sha256:b0411b4066db926b80258c60dcb0e6db4c9cee312eab45b7e8866b17ddf9ada1 \
    --hash=sha256:b230acc1c3bfe2d6f2627ba2b95dc92e58aa494600e9722d0e6ccbc931e59702 \
    --hash=sha256:b30e600e8f337b9bd7f39b86d9fdfedc73cc46e3d0f745931a23a234220bb7e2 \
    --hash=sha256:b845b8d48088fad0cadc84be4b8fda63203be7e9237b71015b3925443c1f35ab \
    --hash=sha256:b87d67e33afaf265262f2a66db578284b88ee2e6fcd224579cb5c15518677ad8 \
    --hash=sha256:bac89069bc496ebdf4f79ebb57bbd10d0b214c8454225deb672d91002bd17e18 \
    --hash=sha256:bc25fb356d0c7810bb49ff3df908ad1fda6995d660ab099ded69244ed7ab6053 \
    --hash=sha256:bccbd8e5b0bffb7106cf18eb1baa3d7194b1cebb3b4b1cdbd4bdb19382a6ee6c \
    --hash=sha256:c16d15ee371643ab48dc8248a3e680ebbeca573a13af2c3dd0c985b142d77162 \
    --hash=sha256:c434e072557ade9cbc642d052c89d031efe47d5c9614523619d0d74a02378e81 \
    --hash=sha256:c47318cd3a61401452de11282242937e3e057c4fd3dbaf601e269d0928a06c0a \
    --hash=sha256:c70bc1b602cf59917e8f0c7a2cbc8bcc6fbc14d5486136b00707a79619121d63 \
    --hash=sha256:c7eec6a42018bc1d45763b1c162d3d2bf7c3b9a1b0ed30d3e91dcba390efefcc \
    --hash=sha256:c802434092b769b1d613ed2e13fac15fbfce1934a74bd10283b03c0fae231cd1 \
    --hash=sha256:cc30523e3f1a23fb7511cc659834a0d01a1042bb9de359bc1c131cc4ec6c9656 \
    --hash=sha256:d00d20d1818e82a07a0ee0aa89a98b17ed7916b92441090b683719cb20a59b6d \
    --hash=sha256:d2813ba2503764f0450680c533d13df7cff9b49df1411062eded5f67db4195b9 \
    --hash=sha256:d2c05c729b589e734c09578bf5964be48a911765484840d017bbc84f49d4c4ad \
    --hash=sha256:d4c7bacb70930f3d0a56f4ecf1be474a1f0d941b01dd73b756f3c256d42cb879 \
    --hash=sha256:d5f51401d102c885b9ca509e62c79b1dbff286e1b9b047fde6f763780789356d \
    --hash=sha256:d8363d7accb0286ac3a0e633f396e93800dafb8150494505daf9515bbda591f3 \
    --hash=sha256:d8bc24219b24c0af375718942ab75e3544b2763085f40f965be4326734ae8328 \
    --hash=sha256:d8edcf6f550e918dca779c069b9e156385c60b406f99fc7641f32c52f7193659 \
    --hash=sha256:da7a94d6a3411f579d72aa3e3bc5fbca7ed4549f3dbd7e5de3aa567333374285 \
    --hash=sha256:db13ca398005abcbe538deda87b686d9bd08b7001cf40c4c06b444960ae10a26 \
    --hash=sha256:dbab647e88d90b3167b91efe7091e248653688ed4337e4f90907a722c7361bb9 \
    --hash=sha256:dbd605739f228912dc49027cb764456b9757750bdc2b6b7773164db7096c6fd1 \
    --hash=sha256:e0b5deec9a8664eb722c797241970fd4aa1894d25fda36a1ddac0f7407606bd6 \
    --hash=sha256:e0d00c708fb2f5822b152429b1ac80a58dbbbc3f6c232c4d13a3f7fcf2ea5b4c \
    --hash=sha256:e1a49adf16a7c9d9646816c2946135527197b6fcf4347c7b8b761cf1bfbf4489 \
    --hash=sha256:e3b461183c5fa7681b48560f91515f53a953122fb30c71e07abc67d7ddf58c38 \
    --hash=sha256:e4c911f15a1652ca94ae9f1abd92e74cbb1b3597d2d92fdd556202f94e8cd455 \
    --hash=sha256:e56b6a368529bed262da40ce13f8fef590db0479819cca84f16a1f01ac356d0b \
    --hash=sha256:e87bc679f86a99aa3b26e3c78eeb821a247c9a28eae48eaafcc32c3bf4c3bb9e \
    --hash=sha256:e8c9a650a188e38bac005048cbe6342e81407782944d01934540ab75e417df21 \
    --hash=sha256:eab9208b00ca55bf75983ec99f7bf13acc746a36102e98953addaad7f7ea1e1b \
    --hash=sha256:ec3ba415afaf951f6951b1dd16d3c8e4f540065fc382d7e70b823a79567ca374 \
    --hash=sha256:ec4b19788f835711a2072f9dbe6b03b3bf32ed1f0fb30cf399bdd59d9f0c33fa \
    --hash=sha256:f395a4a9a03ac062dbe9a9f82e0c720502e590a38feee6a757bc82e9c63afbd8 \
    --hash=sha256:f42b74a53e5f26a0ba0007411a7455b66c67ce4022a39cc1f56fc4efd65bcbab \
    --hash=sha256:f54598964d357b1c5ab77cf5d92f21e598fe0e23cdbe9618480807f81b4eba15 \
    --hash=sha256:f56b397858a23dacf35ede366ed2212fdc03a6a57a1ad36468ad6e9dc5fac091 \
    --hash=sha256:f5de7feedc56337a088eb15cd9fafa9938367362221d8cc62c642b7f94821993 \
    --hash=sha256:f75720477ee05d509a310e856cacc8d909adc182f7b91193c207bcc26d7ee6db \
    --hash=sha256:f779070399f991400fc451719e0ea388eb7de313388bada2c127a35de05f798a \
    --hash=sha256:f9ca190fe9edc0eb08eec558a509a16d28d91c35667b8f043cba40ed5e77a959 \
    --hash=sha256:fa60887537e1d0cd2d9982269d33a709bf54b195cd2b9364fc0a758022af5bd9 \
    --hash=sha256:fc1ed11c4ad0b91af24def2050f2840ea4567828e3dd058fbe608d982f6e5465 \
    --hash=sha256:febb1ce6cac545a54e6b769982824e955a700fdd9fbf3a08a3d82c990968b57d
    # via mypy
mypy==1.20.2 \
    --hash=sha256:0c64e5973df366b747646fc98da921f9d6eba9716d57d1db94a83c026a08e0fb \
    --hash=sha256:0deb80d062b2479f2c87ae568f89845afc71d11bc41b04179e58165fd9f31e98 \
    --hash=sha256:1e1c12f6d2db3d78b909b5f77513c11eb7f2dd2782b96a3ab6dffc7d44575c99 \
    --hash=sha256:20175a1c0f49863946ec20b7f63255768058ac4f07d2b9ded6a6b46cfb5a9100 \
    --hash=sha256:29752dbbf8cc53f89f6ac096d363314333045c257c9c75cbd189ca2de0455744 \
    --hash=sha256:2a4102b03bb7481d9a91a6da8d174740c9c8c4401024684b9ca3b7cc5e49852f \
    --hash=sha256:2de3dcea53babc1c3237a19002bc3d228ce1833278f093b8d619e06e7cc79609 \
    --hash=sha256:34397cdced6b90b836e38182076049fdb41424322e0b0728c946b0939ebdf9f6 \
    --hash=sha256:4077797a273e56e8843d001e9dfe4ba10e33323d6ade647ff260e5cd97d9758c \
    --hash=sha256:419413398fe250aae057fd2fe50166b61077083c9b82754c341cf4fd73038f30 \
    --hash=sha256:4b6481b228d072315b053210b01ac320e1be243dc17f9e5887ef167f23f5fae4 \
    --hash=sha256:4dbfcf869f6b0517f70cf0030ba6ea1d6645e132337a7d5204a18d8d5636c02b \
    --hash=sha256:4fef51b01e638974a6e69885687e9bd40c8d1e09a6cd291cca0619625cf1f558 \
    --hash=sha256:52b176444e2e5054dfcbcb8c75b0b719865c96247b37407184bbfca5c353f2c2 \
    --hash=sha256:56908d7e08318d39f85b1f0c6cfd47b0cac1a130da677630dac0de3e0623e102 \
    --hash=sha256:5a65aa591af023864fd08a97da9974e919452cfe19cb146c8a5dc692626445dc \
    --hash=sha256:688c3312e5dadb573a2c69c82af3a298d43ecf9e6d264e0f95df960b5f6ac19c \
    --hash=sha256:6e2b469efd811707bc530fd1effef0f5d6eebcb7fe376affae69025da4b979a2 \
    --hash=sha256:7488448de6007cd5177c6cea0517ac33b4c0f5ee9b5e9f2be51ce75511a85517 \
    --hash=sha256:785b08db19c9f214dc37d65f7c165d19a30fcecb48abfa30f31b01b5acaabb58 \
    --hash=sha256:7b0e817b518bff7facd7f85ea05b643ad8bdcce684cf29784987b0a7c8e1f997 \
    --hash=sha256:803203d2b6ea644982c644895c2f78b28d0e208bba7b27d9b921e0ec5eb207c6 \
    --hash=sha256:89dce27e142d25ffbc154c1819383b69f2e9234dc4ed4766f42e0e8cb264ab5c \
    --hash=sha256:913485a03f1bcf5d279409a9d2b9ed565c151f61c09f29991e5faa14033da4c8 \
    --hash=sha256:97d7b9a485b40f8ca425460e89bf1da2814625b2da627c0dcc6aa46c92631d14 \
    --hash=sha256:9bcb8aa397ff0093c824182fd76a935a9ba7ad097fcbef80ae89bf6c1731d8ec \
    --hash=sha256:9d56a78b646f2e3daa865bc70cd5ec5a46c50045801ca8ff17a0c43abc97e3ee \
    --hash=sha256:a5da6976f20cae27059ea8d0c86e7cef3de720e04c4bb9ee18e3690fdb792066 \
    --hash=sha256:a94c5a76ab46c5e6257c7972b6c8cff0574201ca7dc05647e33e795d78680563 \
    --hash=sha256:a95a9248b0c6fd933a442c03c3b113c3b61320086b88e2c444676d3fd1ca3330 \
    --hash=sha256:baf593f2765fa3a6b1ef95807dbaa3d25b594f6a52adcc506a6b9cb115e1be67 \
    --hash=sha256:bb9c2fa06887e21d6a3a868762acb82aec34e2c6fd0174064f27c93ede68ad15 \
    --hash=sha256:bba9ad231e92a3e424b3e56b65aa17704993425bba97e302c832f9466bb85bac \
    --hash=sha256:c3bae4f855d965b5453784300c12ffc63a548304ac7f99e55d4dc7c898673aa3 \
    --hash=sha256:c566c3a88b6ece59b3d70f65bedef17304f48eb52ff040a6a18214e1917b3254 \
    --hash=sha256:cdecf62abcc4292500d7858aeae87a1f8f1150f4c4dd08fb0b336ee79b2a6df3 \
    --hash=sha256:cf5a4db6dca263010e2c7bff081c89383c72d187ba2cf4c44759aac970e2f0c4 \
    --hash=sha256:d52ad8d78522da1d308789df651ee5379088e77c76cb1994858d40a426b343b9 \
    --hash=sha256:e061b58443f1736f8a37c48978d7ab581636d6ab03e3d4f99e3fa90463bb9382 \
    --hash=sha256:e2877a02380adfcdbc69071a0f74d6e9dbbf593c0dc9d174e1f223ffd5281943 \
    --hash=sha256:e73c07f23009962885c197ccb9b41356a30cc0e5a1d0c2ea8fd8fb1362d7f924 \
    --hash=sha256:e8222c26daaafd9e8626dec58ae36029f82585890589576f769a650dd20fd665 \
    --hash=sha256:edfbfca868cdd6bd8d974a60f8a3682f5565d3f5c99b327640cedd24c4264026 \
    --hash=sha256:f376e37f9bf2a946872fc5fd1199c99310748e3c26c7a26683f13f8bdb756cbd
    # via rxrelay-ingestion (pyproject.toml)
mypy-extensions==1.1.0 \
    --hash=sha256:1be4cccdb0f2482337c4743e60421de3a356cd97508abadd57d47403e94f5505 \
    --hash=sha256:52e68efc3284861e772bbcd66823fde5ae21fd2fdb51c62a211403730b916558
    # via mypy
packaging==26.3 \
    --hash=sha256:94edc256424af38762eb31306eed28beb9f0efc50a8837492c9d6fd6004aed79 \
    --hash=sha256:d7193f7c8e4e93f444fde0262bf90af30e16fa0ad0ad44cb553c87339b23cd1c
    # via
    #   aiokafka
    #   pytest
pathspec==1.1.1 \
    --hash=sha256:17db5ecd524104a120e173814c90367a96a98d07c45b2e10c2f3919fff91bf5a \
    --hash=sha256:a00ce642f577bf7f473932318056212bc4f8bfdf53128c78bbd5af0b9b20b189
    # via mypy
pluggy==1.6.0 \
    --hash=sha256:7dcc130b76258d33b90f61b658791dede3486c3e6bfb003ee5c9bfb396dd22f3 \
    --hash=sha256:e920276dd6813095e9377c0bc5566d94c932c33b27a3e3945d8389c374dd4746
    # via pytest
prometheus-client==0.26.0 \
    --hash=sha256:04a91bcf94e2cf74a44a1a874d651a2e853ed354b6e822f3b7487751465d5c2b \
    --hash=sha256:fa93d06737aa02bacd05794768508bb97d2fbee28cb3bca04eaae92f0ca953d6
    # via rxrelay-ingestion (pyproject.toml)
pydantic==2.13.4 \
    --hash=sha256:45a282cde31d808236fd7ea9d919b128653c8b38b393d1c4ab335c62924d9aba \
    --hash=sha256:c40756b57adaa8b1efeeced5c196f3f3b7c435f90e84ea7f443901bec8099ef6
    # via
    #   fastapi
    #   pydantic-settings
pydantic-core==2.46.4 \
    --hash=sha256:00c603d540afdd6b80eb39f078f33ebd46211f02f33e34a32d9f053bba711de0 \
    --hash=sha256:0186750b482eefa11d7f435892b09c5c606193ef3375bcf94aa00ae6bfb66262 \
    --hash=sha256:041bde0a48fd37cf71cab1c9d56d3e8625a3793fef1f7dd232b3ff37e978ecda \
    --hash=sha256:0c563b08bca408dc7f65f700633d8442fffb2421fc47b8101377e9fd65051ff0 \
    --hash=sha256:0cbe8b01f948de4286c74cdd6c667aceb38f5c1e26f0693b3983d9d74887c65e \
    --hash=sha256:0ce40cd7b21210e99342afafbd4d0f76d784eb5b1d60f3bdc566be4983c6c73b \
    --hash=sha256:0e96592440881c74a213e5ad528e2b24d3d4f940de2766bed9010ab1d9e51594 \
    --hash=sha256:10e17cbb10a330363733efc4d7c4d0dd827ac0909b8f6a6542298fed1ea62f29 \
    --hash=sha256:133878133d271ade3d41d1bfb2a45ec38dbdbda40bc065921c6b04e4630127e2 \
    --hash=sha256:14d4edf427bdcf950a8a02d7cb44a08614388dd6e1bdcbf4f67504fa7887da9c \
    --hash=sha256:14f4c5d6db102bd796a627bbb3a17b4cf4574b9ae861d8b7c9a9661c6dd3362d \
    --hash=sha256:17299feefe090f2caa5b8e37222bb5f663e4935a8bfa6931d4102e5df1a9f398 \
    --hash=sha256:184c081504d17f1c1066e430e117142b2c77d9448a97f7b65c6ac9fd9aee238d \
    --hash=sha256:18e5ceec2ab67e6d5f1a9085e5a24c9c4e2ac4545730bfe668680bca05e555f3 \
    --hash=sha256:19e51f073cd3df251856a8a4189fbdf1de4012c3ebacfb1884f94f1eb406079f \
    --hash=sha256:1a7dd0b3ee80d90150e3495a3a13ac34dbcbfd4f012996a6a1d8900e91b5c0fb \
    --hash=sha256:1d8ba486450b14f3b1d63bc521d410ec7565e52f887b9fb671791886436a42f7 \
    --hash=sha256:2108ba5c1c1eca18030634489dc544844144ee36357f2f9f780b93e7ddbb44b5 \
    --hash=sha256:228ee9bae8bef5b1e97ec58302f80357c37199e0d0a99174e138d28e6957b9d9 \
    --hash=sha256:23ace664830ee0bfe014a0c7bc248b1f7f25ed7ad103852c317624a1083af462 \
    --hash=sha256:2412e734dcb48da14d4e4006b82b46b74f2518b8a26ee7e58c6844a6cd6d03c4 \
    --hash=sha256:29c61fc04a3d840155ff08e475a04809278972fe6aef51e2720554e96367e34b \
    --hash=sha256:2f84c03c8607173d16b5a854ec68a2f9079ae03237a54fb506d13af47e1d018d \
    --hash=sha256:3009f12e4e90b7f88b4f9adb1b0c4a3d58fe7820f3238c190047209d148026df \
    --hash=sha256:3245406455a5d98187ec35530fd772b1d799b26667980872c8d4614991e2c4a2 \
    --hash=sha256:3447661d99f75a3683a4cf5c87da72f2161964611864dbbeac7fbb118bb4bfc0 \
    --hash=sha256:372429a130e469c9cd698925ce5fc50940b7a1336b0d82038e63d5bbc4edc519 \
    --hash=sha256:395aebd9183f9d112f569aeb5b2214d1a10a33bec8456447f7fbdfa51d38d4cd \
    --hash=sha256:3a233125ac121aa3ffba9a2b59edfc4a985a76092dc8279586ab4b71390875e7 \
    --hash=sha256:3be77f45df024d789a672ae34f8b06fb346c4f9f46ea714956660ea4862e89ac \
    --hash=sha256:3bf92c5d0e00fefaab325a4d27828fe6b6e2a21848686b5b60d2d9eeb09d76c6 \
    --hash=sha256:3ecbc122d18468d06ca279dc26a8c2e2d5acb10943bb35e36ae92096dc3b5565 \
    --hash=sha256:3fb702cd90b0446a3a1c5e470bfa0dd23c0233b676a9099ddcc964fa6ca13898 \
    --hash=sha256:428e04521a40150c85216fc8b85e8d39fece235a9cf5e383761238c7fa9b96fb \
    --hash=sha256:432c179df7874eeb73307aad2df0755e1ae0efa61ff0ea89b93e194411ae3928 \
    --hash=sha256:4a05d69cba51d852c5c3e92758653245a50c0b646ced0cf05bd793ed592839d6 \
    --hash=sha256:4c63ebc82684aa89d9a3bcbd13d515b3be44250dc68dd3bd81526c1cb31286c3 \
    --hash=sha256:4fc73cb559bdb54b1134a706a2802a4cddd27a0633f5abb7e53056268751ac6a \
    --hash=sha256:4fcbe087dbc2068af7eda3aa87634eba216dbda64d1ae73c8684b621d33f6596 \
    --hash=sha256:56cb4851bcaf3d117eddcef4fe66afd750a50274b0da8e22be256d10e5611987 \
    --hash=sha256:5855698a4856556d86e8e6cd8434bc3ac0314ee8e12089ae0e143f64c6256e4e \
    --hash=sha256:5a4330cdbc57162e4b3aa303f588ba752257694c9c9be3e7ebb11b4aca659b5d \
    --hash=sha256:5b712b53160b79a5850310b912a5ef8e57e56947c8ad690c227f5c9d7e561712 \
    --hash=sha256:5d5902252db0d3cedf8d4a1bc68f70eeb430f7e4c7104c8c476753519b423008 \
    --hash=sha256:617d7e2ca7dcb8c5cf6bcb8c59b8832c94b36196bbf1cbd1bfb56ed341905edd \
    --hash=sha256:62f875393d7f270851f20523dd2e29f082bcc82292d66db2b64ea71f64b6e1c1 \
    --hash=sha256:633147d34cf4550417f12e2b1a0383973bdf5cdfde212cb09e9a581cf10820be \
    --hash=sha256:66ce7632c22d837c95301830e111ad0128a32b8207533b60896a96c4915192ea \
    --hash=sha256:6b3ace8194b0e5204818c92802dcdca7fc6d88aabbb799d7c795540d9cd6d292 \
    --hash=sha256:6f2eeda33a839975441c86a4119e1383c50b47faf0cbb5176985565c6bb02c33 \
    --hash=sha256:7027560ee92211647d0d34e3f7cd6f50da56399d26a9c8ad0da286d3869a53f3 \
    --hash=sha256:7283d57845ecf5a163403eb0702dfc220cc4fbdd18919cb5ccea4f95ee1cdab4 \
    --hash=sha256:7a5f930472650a82629163023e630d160863fce524c616f4e5186e5de9d9a49b \
    --hash=sha256:7bfb192b3f4b9e8a89b6277b6ce787564f62cfd272055f6e685726b111dc7826 \
    --hash=sha256:811ff8e9c313ab425368bcbb36e5c4ebd7108c2bbf4e4089cfbb0b01eff63fac \
    --hash=sha256:8233f2947cf85404441fd7e0085f53b10c93e0ee78611099b5c7237e36aacbf7 \
    --hash=sha256:82cf5301172168103724d49a1444d3378cb20cdee30b116a1bd6031236298a5d \
    --hash=sha256:8358a950c8909158e3df31538a7e4edc2d7265a7c54b47f0864d9e5bae9dcebf \
    --hash=sha256:85bb3611ff1802f3ee7fdd7dbff26b56f343fb432d57a4728fdd49b6ef35e2f4 \
    --hash=sha256:86e1a4418c6cd97d60c95c71164158eaf7324fae7b0923264016baa993eba6fc \
    --hash=sha256:8b9bab013d1c7a79d3501ff86d0bc9c31bf587db4551677b96bec07df78c6b15 \
    --hash=sha256:8c5dac79fa1614d1e06ca695109c6105923bd9c7d1d6c918d4e637b7e6b32fd3 \
    --hash=sha256:8d0820e8192167f80d88d64038e609c31452eeca865b4e1d9950a27a4609b00b \
    --hash=sha256:8daafc69c93ee8a0204506a3b6b30f586ef54028f52aeeeb5c4cfc5184fd5914 \
    --hash=sha256:9037063db01f09b09e237c282b6792bd4da634b5402c4e7f0c61effed7701a04 \
    --hash=sha256:905a0ed8ea6f2d61c1738835f99b699348d7857379083e5fc497fa0c967a407c \
    --hash=sha256:90884113d8b48f760e9587002789ddd741e76ab9f89518cd1e43b1f1a52ec44b \
    --hash=sha256:91a06d2e259ecfbd8c901d70c3c507900458498142b3026a296b7de4d1322cc9 \
    --hash=sha256:926c9541b14b12b1681dca8a0b75feb510b06c6341b70a8e500c2fdcff837cce \
    --hash=sha256:9401557acd873c3a7f3eb9383edef8ac4968f9510e340f4808d427e75667e7b4 \
    --hash=sha256:9551187363ffc0de2a00b2e47c25aeaeb1020b69b668762966df15fc5659dd5a \
    --hash=sha256:962ccbab7b642487b1d8b7df90ef677e03134cf1fd8880bf698649b22a69371f \
    --hash=sha256:97e7cf2be5c77b7d1a9713a05605d49460d02c6078d38d8bef3cbe323c548424 \
    --hash=sha256:9aa768456404a8bf48a4406685ac2bec8e72b62c69313734fa3b73cf33b3a894 \
    --hash=sha256:9bc519fbf2b7578398853d815009ae5e4d4603d12f4e3f91da8c06852d3da3e9 \
    --hash=sha256:9d56801be94b86a9da183e5f3766e6310752b99ff647e38b09a9500d88e46e76 \
    --hash=sha256:9f444c499b3eefd3a92e348059471ea0c3a6e303d9c1cec09fa748fd9f895201 \
    --hash=sha256:9fa8ae11da9e2b3126c6426f147e0fba88d96d65921799bb30c6abd1cb2c97fb \
    --hash=sha256:a0f62d0a58f4e7da165457e995725421e0064f2255d8eccebc49f41bbc23b109 \
    --hash=sha256:a396dcc17e5a0b164dbe026896245a4fa9ff402edca1dff0be3d53a517f74de4 \
    --hash=sha256:aaa2a54443eff1950ba5ddc6b6ccda0d9c84a364276a62f969bdf2a390650848 \
    --hash=sha256:ad785e92e6dc634c21555edc8bd6b64957ab844541bcb96a1366c202951ae526 \
    --hash=sha256:af8244b2bef6aaad6d92cda81372de7f8c8d36c9f0c3ea36e827c60e7d9467a0 \
    --hash=sha256:b078afbc25f3a1436c7a1d2cd3e322497ee99615ba97c563566fdf46aff1ee01 \
    --hash=sha256:b2f69dec1725e79a012d920df1707de5caf7ed5e08f3be4435e25803efc47458 \
    --hash=sha256:b8458003118a712e66286df6a707db01c52c0f52f7db8e4a38f0da1d3b94fc4e \
    --hash=sha256:bb63e0198ca18aad131c089b9204c23079c3afa95487e561f4c522d519e55aba \
    --hash=sha256:bfec22eab3c8cc2ceec0248aec886624116dc079afa027ecc8ad4a7e62010f8a \
    --hash=sha256:c1747f85cee84c26985853c6f3d9bd3e75da5212912443fa111c113b9c246f39 \
    --hash=sha256:c1b3f518abeca3aa13c712fd202306e145abf59a18b094a6bafb2d2bbf59192c \
    --hash=sha256:c50f2528cf200c5eed56faf3f4e22fcd5f38c157a8b78576e6ba3168ec35f000 \
    --hash=sha256:c68fcd102d71ea85c5b2dfac3f4f8476eff42a9e078fd5faefff6d145063536b \
    --hash=sha256:c7a7bd4e39e8e4c12c39cd480356842b6a8a06e41b23a55a5e3e191718838ddf \
    --hash=sha256:c94f0688e7b8d0a67abf40e57a7eaaecd17cc9586706a31b76c031f63df052b4 \
    --hash=sha256:cbaf13819775b7f769bf4a1f066cb6df7a28d4480081a589828ef190226881cd \
    --hash=sha256:cd2213145bcc2ba85884d0ac63d222fece9209678f77b9b4d76f054c561adb28 \
    --hash=sha256:ce5c1d2a8b27468f433ca974829c44060b8097eedc39933e3c206a90ee49c4a9 \
    --hash=sha256:d396ec2b979760aaf3218e76c24e65bd0aca24983298653b3a9d7a45f9e47b30 \
    --hash=sha256:d51026d73fcfd93610abc7b27789c26b313920fcfb20e27462d74a7f8b06e983 \
    --hash=sha256:d80ee3d731373b24cebbc10d689ca4ee1875caf0d5703a245db18efd4dd37fc1 \
    --hash=sha256:d995260fdf4e1db774581b4900e0f832abe3c7c84996726bbc161b19c8f29e76 \
    --hash=sha256:da4b951fe36dc7c3a1ccb4e3cd1747c3542b8c9ceede8fc86cae054e764485f5 \
    --hash=sha256:daa27d92c36f24388fe3ad306b174781c747627f134452e4f128ea00ce1fe8c4 \
    --hash=sha256:db06ffe51636ffe9ca531fe9023dd64bdd794be8754cb5df57c5498ae5b518a7 \
    --hash=sha256:e0d65b8c354be7fb5f720c3caa8bc940bc2d20ce749c8e06135f07f8ed95dd7c \
    --hash=sha256:e68b7a074f65a2fd746c52a7ce6142ab7006074ac269ace0c25cd8ba171f8066 \
    --hash=sha256:e739fee756ba1010f8bcccb534252e85a35fe45ae92c295a06059ce58b74ccd3 \
    --hash=sha256:e846ae7835bf0703ae43f534ab79a867146dadd59dc9ca5c8b53d5c8f7c9ef02 \
    --hash=sha256:e9c26f834c65f5752f3f06cb08cb86a913ceb7274d0db6e267808a708b46bc89 \
    --hash=sha256:ea793e075b70290d89d8142074262885d3f7da19634845135751bd6344f73b50 \
    --hash=sha256:f027324c56cd5406ca49c124b0db10e56c69064fec039acc571c29020cc87c76 \
    --hash=sha256:f13a646d65d09fbf1bc6b3a9635d30095c8e7e5cc419ff35ecc563c5fd04cd49 \
    --hash=sha256:f47286a97f0bc9b8859519809077b91b2cefe4ae47fcbf5e466a009c1c5d742b \
    --hash=sha256:f747929cf940cddb5b3668a390056ddd5ba2e5010615ea2dcf4f9c4f3ab8791d \
    --hash=sha256:f99626688942fb746e545232e7726926f3be91b5975f8b55327665fafda991c7 \
    --hash=sha256:f9fa868638bf362d3d138ea55829cefb3d5f4b0d7f142234382a15e2485dbec4 \
    --hash=sha256:fbdb89b3e1c94a30cc5edfce477c6e6a5dc4d8f84665b455c27582f211a1c72c \
    --hash=sha256:fc010ab034c8c7452522748bf937df58020d256ccae0874463d1f4d01758af8e \
    --hash=sha256:fc3e9034a63de20e15e8ade85358bc6efc614008cab72898b4b4952bea0509ff \
    --hash=sha256:fd8b3d9fd264be37976686c7f65cd52a83f5e84f4bfd2adf9c1d469676bbb6ae
    # via pydantic
pydantic-settings==2.15.0 \
    --hash=sha256:0ba092c291c94baceb5eff768aa0d56400a457585bc0175925a5a5510303da42 \
    --hash=sha256:694b793e84f766ba76a90ebdefc01d0a9a045dab0382bee70393da93712ad117
    # via rxrelay-ingestion (pyproject.toml)
pygments==2.21.0 \
    --hash=sha256:2363c69b61c4a97c838da3b130dcd6468f4848992b21a82f2a63ec34377137d9 \
    --hash=sha256:610ca751c9bc2492b38eb9a38a7fbc93edbbb2d7182edaf34e66ae493dee5c8c
    # via pytest
pytest==8.4.2 \
    --hash=sha256:86c0d0b93306b961d58d62a4db4879f27fe25513d4b969df351abdddb3c30e01 \
    --hash=sha256:872f880de3fc3a5bdc88a11b39c9710c3497a547cfa9320bc3c5e62fbf272e79
    # via
    #   pytest-asyncio
    #   rxrelay-ingestion (pyproject.toml)
pytest-asyncio==0.26.0 \
    --hash=sha256:7b51ed894f4fbea1340262bdae5135797ebbe21d8638978e35d31c6d19f72fb0 \
    --hash=sha256:c4df2a697648241ff39e7f0e4a73050b03f123f760673956cf0d72a4990e312f
    # via rxrelay-ingestion (pyproject.toml)
python-dotenv==1.2.3 \
    --hash=sha256:904552145e8bfed22162c09dab1c2b9b54fefa7b23ba780f4f26ca0316b0f0d9 \
    --hash=sha256:a20a594dabeaa385725aa239d5244871c143ecb356add8a20fcf23773a6c3a35
    # via pydantic-settings
python-json-logger==3.3.0 \
    --hash=sha256:12b7e74b17775e7d565129296105bbe3910842d9d0eb083fc83a6a617aa8df84 \
    --hash=sha256:dd980fae8cffb24c13caf6e158d3d61c0d6d22342f932cb6e9deedab3d35eec7
    # via rxrelay-ingestion (pyproject.toml)
referencing==0.37.0 \
    --hash=sha256:381329a9f99628c9069361716891d34ad94af76e461dcb0335825aecc7692231 \
    --hash=sha256:44aefc3142c5b842538163acb373e24cce6632bd54bdb01b21ad5863489f50d8
    # via
    #   jsonschema
    #   jsonschema-specifications
respx==0.23.1 \
    --hash=sha256:242dcc6ce6b5b9bf621f5870c82a63997e8e82bc7c947f9ffe272b8f3dd5a780 \
    --hash=sha256:b18004b029935384bccfa6d7d9d74b4ec9af73a081cc28600fffc0447f4b8c1a
    # via rxrelay-ingestion (pyproject.toml)
rpds-py==2026.6.3 \
    --hash=sha256:0be972be84cfcaf46c8c6edf690ca0f154ac17babf1f6a955a51579b34ad2dc5 \
    --hash=sha256:127565fead0a10943b282957bd5447804ff3160ad79f2ad2635e6d249e380680 \
    --hash=sha256:127e08c0642d880cf32ca47ec2a4a77b901f7e2dd1ad9762adb13955d72ffcc9 \
    --hash=sha256:166cf54d9f44fc6ceb53c7860258dde44a81406646de79f8ed3234fca3b6e538 \
    --hash=sha256:168c733a7112e071bb7a66460e667edfcff06c017a3c523f7a8a8e08d0140804 \
    --hash=sha256:1967debc37f64f2c4dc90a7f563aec558b471966e12adcac4e1c4240496b6ebf \
    --hash=sha256:1cebd1337c242e4ec2293e541f712b2da849b29f48f0c293684b71c0632625d4 \
    --hash=sha256:1cf01971c4f2c5553b772a542e4aaf191789cd331bc2cd4ff0e6e65ba49e1e97 \
    --hash=sha256:1e5822dfc2f0d4ab7e745eaa6d85945069329beeccef965af3f3bb26058fcab6 \
    --hash=sha256:22bffe6042b9bcb0822bcd1955ec00e245daf17b4344e4ed8e9551b976b63e96 \
    --hash=sha256:23a439f31ccbeff1574e24889128821d1f7917470e830cf6544dced1c662262a \
    --hash=sha256:24e9c5386e16669b674a69c156c8eeefcb578f3b3397b713b08e6d60f3c7b187 \
    --hash=sha256:270b293dae9058fc9fcedab50f13cebf46fb8ed1d1d54e0521a9da5d6b211975 \
    --hash=sha256:29dfa0533a5d4c94d4dfa1b694fcb56c9c63aad8330ffdd816fd225d0a7a162f \
    --hash=sha256:2a9c6f195058cb45335e8cc3802745c603d716eb96bc9625950c1aac71c0c703 \
    --hash=sha256:2bfd04c19ddbd6640de0b51894d764bd2758854d5b75bd102d2ef10cb9c293a9 \
    --hash=sha256:2c54a076ca4d370980ab57bc0e31df57bbe8d41340436a90ef8b1219a3cbb127 \
    --hash=sha256:2c958bf94822e9290a40aaf2a822d4bc5c88099093e3948ad6c571eca9272e5f \
    --hash=sha256:2c99f7e8ccb3dd6e3e4bfeac657a7b208c9bac8075f4b078c02d7404c34107fa \
    --hash=sha256:2f7c26fbc5acd2522b95d4177fe4710ffd8e9b20529e703ffbf8db4d93903f05 \
    --hash=sha256:30c6dc199b24a5e3e81d50da0f00858c5bbdb2617a750395687f4339c5818171 \
    --hash=sha256:38a2fea2787428f811719ceb9114cb78964a3138838320c29ac39526c79c16ba \
    --hash=sha256:3a83ae6c67b7676b9878378547ca8e93ed77a580037bcbcd1d32f739e1e6089c \
    --hash=sha256:3cfe765c1da0072636ca06628261e0ea05688e160d5c8a03e0217c3854037223 \
    --hash=sha256:421aba32367055614287a4292b6a17f1939c9452299f7a0209c117e990b646d4 \
    --hash=sha256:425560c6fa0415f27261727bb20bd097568485e5eb0c121f1949417d1c516885 \
    --hash=sha256:4470ce197d4090875cf6affbf1f853338387428df97c4fb7b7106317b8214698 \
    --hash=sha256:4cf2d36a2357e4d07bb5a4f98801265327b48256867816cfd2ceb001e9754a8f \
    --hash=sha256:4f4bca01b63096f606e095734dd56e74e175f94cfbf24ff3d63281cec61f7bb7 \
    --hash=sha256:501f9f04a588d6a09179368c57071301445191767c64e4b52a6aa9871f1ef5ed \
    --hash=sha256:536bceea4fa4acf7e1c61da2b5786304367c816c8895be71b8f537c480b0ea1f \
    --hash=sha256:538949e262e46caa31ac01bdb3c1e8f642622922cacbabbae6a8445d9dc33eaf \
    --hash=sha256:539d75de9e0d536c84ff18dfeb805398e58227001ce09231a26a08b9aed1ee0e \
    --hash=sha256:54f45a148e28767bf343d33a684693c70e451c6f4c0e9904709a723fafbdfc1f \
    --hash=sha256:55927d532399c2c646100ff7feb48eaa940ad70f42cd68e1328f3ded9f81ca24 \
    --hash=sha256:58eadac9cd119677b60e1cf8ac4052f35949d71b8a9e5556efccbe82533cf22a \
    --hash=sha256:5e8d07bddee435a2ff6f1920e18feff28d0bc4533e42f4bf6927fbd073312c41 \
    --hash=sha256:62698275682bf121181861295c9181e789030a2d516071f5b8f3c23c170cd0fc \
    --hash=sha256:639c8929aa0afe81be836b04de888460d6bed38b9c54cfc18da8f6bfabf5af5d \
    --hash=sha256:67e3a721ffc5d8d2210d3671872298c4a84e4b8035cfe42ffd7cde35d772b146 \
    --hash=sha256:6de4744d05bd1aa1be4ed7ea1189e3979196808008113bbbf899a460966b925e \
    --hash=sha256:6e84adbcf4bf841aed8116a8264b9f50b4cb3e7bd89b516122e616ac56ca269e \
    --hash=sha256:7491ee23305ac3eb59e492b6945881f5cd77a6f731061a3f25b77fd40f9e99a4 \
    --hash=sha256:79486287de1730dbaff3dbd124d0ca4d2ef7f9d29bf2544f1f93c09b5bcbbd12 \
    --hash=sha256:7b689145a1485c335569bd056464f3243a29af7ed3871c7be31ad624ba239bc7 \
    --hash=sha256:7f88d653e7b3b779d71ae7454e20dcc9b6bae903f33c269db9f2be41bda3f261 \
    --hash=sha256:8020133a74bd81b4572dd8e4be028a6b1ebcd70e6726edc3918008c08bee6ee6 \
    --hash=sha256:808345f53cb952433ca2816f1604ff3515608a81784954f38d4452acfe8e61d5 \
    --hash=sha256:83e35b57523816c8613fd0776b40cd8bb9f596b37ddd2692eb4a6bb5ab2f8c93 \
    --hash=sha256:842e7b070435622248c7a2c44ae53fa1440e073cc3023bc919fed570884097a7 \
    --hash=sha256:847927daf4cffbd4e90e42bc890069897101edd015f956cb8721b3473372edda \
    --hash=sha256:882076c00c0a608b131187055ddc5ae29f2e7eaf870d6168980420d58528a5c8 \
    --hash=sha256:8b95977e7211527ab0ba576e286d023389fbeeb32a6b7b771665d333c60e5342 \
    --hash=sha256:8bb68f03f395eb793220b45c097bd4d8c32944393da0fad8b999efac0868fc8c \
    --hash=sha256:8c2642a7603ec0b16ed77da4555db3b4b472341904873788327c0b0d7b95f1bb \
    --hash=sha256:8c3d1e9c15b9d51ca0391e13da1a25a0a4df3c58a37c9dc368e0736cf7f69df0 \
    --hash=sha256:8c6e5a2f750cc71c3e3b11d71661f21d6f9bc6cebc6564b1466417a1ec03ec77 \
    --hash=sha256:8d2294a31386bfa251d8c8a39472beee17db67d4f1a6eabea665d35c9a4461c3 \
    --hash=sha256:8e4320744c1ffdd95a603def63344bfab2d33edeab301c5007e7de9f9f5b3885 \
    --hash=sha256:8e65860d238379ed982fd9ba690579b5e95af2f4840f99c772816dbe573cb826 \
    --hash=sha256:8f2e5c5ee828d42cb11760761c0af6507927bec42d0ad5458f97c9203b054617 \
    --hash=sha256:900a67df3fd1660b035a4761c4ce73c382ea6b35f90f9863c36c6fd8bf8b09bb \
    --hash=sha256:913ca42ccad3f8cc6e292b587ae8ae49c8c823e5dce51a736252fc7c7cdfa577 \
    --hash=sha256:9250a9a0a6fd4648b3f868da8d91a4c52b5811a62df58e753d50ae4454a36f80 \
    --hash=sha256:931908d9fc855d8f74783377822be318edb6dcb19e47169dc038f9a1bf60b06e \
    --hash=sha256:9826217f048f620d9a712672818bf231442c1b35d96b227a07eabd11b4bb6945 \
    --hash=sha256:9891e594296ab9dada6551c8e7b387b2721f27a67eecd528412e8906247a7b90 \
    --hash=sha256:9c1255b302953c86a486b81d330d5ee1d5bd937691ce271b6be0ef0e299eaab7 \
    --hash=sha256:a0811d33247c3d6128a3001d763f2aa056bb3425204335400ac54f89eec3a0d0 \
    --hash=sha256:a136d453475ac0fcbda502ef1e6504bd28d6d904700915d278deeab0d00fe140 \
    --hash=sha256:a214c993455f99a89aaeadc9b21241900037adc9d97203e374d75513c5911822 \
    --hash=sha256:a3086b538543802f84c843911242db20447de00d8752dd0efc936dbcf02218ba \
    --hash=sha256:a3450b693fde92133e9f51060568a4c31fcca76d5e53bbd611e689ca446517e9 \
    --hash=sha256:a550fb4950a06dde3beb4721f5ad4b25bf4513784665b0a8522c792e2bd822a4 \
    --hash=sha256:a9f4645593036b81bbdb36b9c8e0ea0d1c3fee968c4d59db0344c14087ef143a \
    --hash=sha256:aca6c1ef08a82bfe327cc156da694660f599923e2e6665b6d81c9c2d0ac9ffc8 \
    --hash=sha256:acac386b453c2516111b50985d60ce46e7fadb5ea71ae7b25f4c946935bf27cf \
    --hash=sha256:acc992ab27b15f852c76755eb2ab7dce86585ddadba6fa5946e58556088845b4 \
    --hash=sha256:ae3d4fe8c0b9213624fdce7279d70e3b148b682ca20719ebd193a23ebfa47324 \
    --hash=sha256:ae50181a047c871561212bb97f7932a2d45fb53e947bd9b57ebad85b529cbc53 \
    --hash=sha256:ae6dd8f10bd17aad820876d24caec9efdafd80a318d16c0a48edb5e136902c6b \
    --hash=sha256:af05d726809bff6b141be124d4c7ce998f9c9c7f30edb1f46c07aa103d540b41 \
    --hash=sha256:afd70d95892096cdb26f15a00c45907b17817577aa8d1c76b2dcc2788391f9e9 \
    --hash=sha256:b5c2dc92304aa48a4a60443b548bb12f12e119d4b72f314015e67b9e1be97fca \
    --hash=sha256:bc0011654b91cc4fb2ae701bec0a0ba1e552c0714247fa7af6c59e0ccfa3a4e1 \
    --hash=sha256:bcfbcf66006befb9fd2aeaa9e01feaf881b4dc330a02ba07d2322b1c11be7b5d \
    --hash=sha256:bdbd97738551fca3917c1bd7188bec1920bb520104f28e7e1007f9ceb17b7690 \
    --hash=sha256:c60924535c75f1566b6eb75b5c31a48a43fef04fa2d0d201acbad8a9969c6107 \
    --hash=sha256:c7b9a2f8f4d8e90af72571d3d495deebdd7e3c75451f5b41719aee166e940fc2 \
    --hash=sha256:ca6546b66be9dc4738b1b043d5ebd5488c66c578c5ff0fd0e8065313fe3afb76 \
    --hash=sha256:ccffae9a092a00deb7efd545fe5e2c33c33b88e7c054337e9a74c179347d0b7d \
    --hash=sha256:cdc7e35386f3847df728fbcb5e887e2d79c19e2fa1eba9e51b6621d23e3243af \
    --hash=sha256:d15fde0e6fb0d88a60d221204873743e5d9f0b7d29165e62cd86d0413ad74ba6 \
    --hash=sha256:d34c20167764fbcf927194d532dd7e0c56772f0a5f943fa5ef9e9afbba8fb9db \
    --hash=sha256:d483fe17f01ad64b7bf7cc38fcefff1ca9fb83f8c2b2542b68f97ffe0611b369 \
    --hash=sha256:d7469697dce35be237db177d42e2a2ee26e6dcc5fc052078a6fefabd288c6edd \
    --hash=sha256:db08f45aecde626498fb3df07bcf6d2ec040af42e859a4f5040d79c200342911 \
    --hash=sha256:dc319e5a1de4b6913aac94bf6a2f9e847371e0a140a43dd4991db1a09bc2d504 \
    --hash=sha256:de3eceba0b683bcbb1ab93da016d0270df1f9ae7be716b40214c5dafac6ea45a \
    --hash=sha256:dfcc8b909769d19db55c7cc9541eb64b9b774b1057ffffb4f1048070475bb9f9 \
    --hash=sha256:e059c5dde6452b44424bd1834557556c226b57781dee1227af23518459722b13 \
    --hash=sha256:e4316bf32babbed84e691e352faf967ce2f0f024174a8643c37c94a1080374fc \
    --hash=sha256:e52655eaf81e32593abedaa4bfe33170c8cfedf3365ed9be6e11e07f148f0278 \
    --hash=sha256:e55d236be29255554da47abe5c577637db7c24a02b8b46f0ca9524c855801868 \
    --hash=sha256:ea7bb13b7c9a29791f87a0387ba7d3ad3a6d783d827e4d3f27b40a0ff44495e2 \
    --hash=sha256:ea964164cc9afa72d4d9b23cc28dafae93693c0a53e0b42acbff15b22c3f9ddd \
    --hash=sha256:ec829541c45bca16e61c7ae50c20501f213605beb75d1aba91a6ee37fbbb56a4 \
    --hash=sha256:ecabd69db66de867690f9797f2f8fa27ba501bbc24540cbdbdc649cd15888ba6 \
    --hash=sha256:ed0c1e5d10cdc7135537988c74a0188da68e2f3c30813ba3744ab1e42e0480f9 \
    --hash=sha256:f0840b5b17057f7fd918b76183a4b5a0635f43e14eb2ce60dce1d4ee4707ea00 \
    --hash=sha256:f4d78253f6996be4901669ad25319f842f740eccf4d58e3c7f3dd39e6dde1d8f \
    --hash=sha256:f56f1695bc5c0871cbc33dc0130fcf503aab0c57dcc5a6700a4f49eba4f2652e \
    --hash=sha256:f826877d462181e5eb1c26a0026b8d0cab05d99844ecb6d8bf3627a2ca0c0442 \
    --hash=sha256:f8f23ead891a3b762f35ab3b04623da7056545b48aa60d59957e6789914545da \
    --hash=sha256:f90938e92afda60266da758ee7d363447f7f0138c9559f9e1811629580582d90 \
    --hash=sha256:faa679d19a6696fd54259ad321251ad77a13e70e03dd834daa762a44fb6196ef
    # via
    #   jsonschema
    #   referencing
ruff==0.16.4 \
    --hash=sha256:05d9d27a18c4bcbefada602480ec9e01e0bc949d432e0ced5df77edac195919c \
    --hash=sha256:0c95538517af68004306b0fb3214ff2f2af67a65092aee77cd9eb86db6656604 \
    --hash=sha256:13171aa9d9af2240ee3504e639de73122c67e74036de5ba2e1d01422cd17e3dc \
    --hash=sha256:312769988007aaeb8e189b443ccdd03c0e6374489e053467be6d96518ebff76e \
    --hash=sha256:32a5057c7ff3f6e6480a48fccfb3a412a690f48a3d03ac5cf08177d6c2da3ade \
    --hash=sha256:3817b87dbcabc92f13b05019257c5b89b5b4d51b5fb20f56fb5235ceb723cd07 \
    --hash=sha256:6baaf984aa7976edf93d3b627fe2d1d22ee94bbca05fa6f90fc76d73924e3454 \
    --hash=sha256:7dc651db49283c69f8e72c834eec4fe5573e4c646856aebece0ce385dceb2a80 \
    --hash=sha256:8528bf9a4b291a60bf02ea453511e8ce6215bd2b982ee80405b66b008b6c30a0 \
    --hash=sha256:963f83df8e69e575b64d67dd447ebbc917db41a14bf38d4593a4183e7aaa8255 \
    --hash=sha256:a3a61621c9b6f6a89573e938a080e648f1695baa3f58570a3a707bc51ff65a21 \
    --hash=sha256:b3dce8d9b0c57c265b91885a66a567d8ea1372e8eb4e250fa8e5e3f579e99cff \
    --hash=sha256:b66b02cb9b04f537643cadf5768e5f98dc461890d530cb67113d71c8c76e605d \
    --hash=sha256:bdfcf0b28662eb890372d50f92c283bb94e67e7635ed93c7fd533970acff7b2b \
    --hash=sha256:df4075f71ddac40b9934af60c3ec8a53047dd5a5fdc43224e6e4e8e9a27cb6f7 \
    --hash=sha256:e9fce1499134b2c8c68e5166f95705a5812062bb93aacc5f9873bb1a27084bc7 \
    --hash=sha256:f2d812e482f5a7e02eee26cd73d2a37ebbdf47d795ea63ba1b89110ae93e9fb3 \
    --hash=sha256:fbd85d2875fdd67e833213a651f613bbf25303abf6aa822a5121f4531195678d
    # via rxrelay-ingestion (pyproject.toml)
starlette==1.6.0 \
    --hash=sha256:a86dd39d14bb45f85a3d18525215a9ef0cfd1f192ac793220e72598c90335f0c \
    --hash=sha256:d4e3ac5e546444960c710297a3c9fc3f7ebae1b7e963f3d36173b49da535be9b
    # via fastapi
typing-extensions==4.16.0 \
    --hash=sha256:481caa481374e813c1b176ada14e97f1f67a4539ce9cfeb3f350d78d6370c2e8 \
    --hash=sha256:dc983d19a509c94dba722ee6abd33940f7c05a89e243c47e907eb4db6f1a43e5
    # via
    #   aiokafka
    #   anyio
    #   fastapi
    #   mypy
    #   pydantic
    #   pydantic-core
    #   referencing
    #   starlette
    #   typing-inspection
typing-inspection==0.4.4 \
    --hash=sha256:547274fa6b0a561ccf549cc9524b999a578e737d015d8709d021f9d0d13bea47 \
    --hash=sha256:65b8397ba37ccbce054456aaccddfc91e6e3083c92824df348d96ca832f3f147
    # via
    #   fastapi
    #   pydantic
    #   pydantic-settings
uvicorn==0.52.4 \
    --hash=sha256:73acfee47a0b133c5de13d219492d62d8a31e935f4fe6e41a232451a15379f86 \
    --hash=sha256:f86e41a149d7d05a9969337e3946a9c171c06a5d42680896daaba624aeac8da1
    # via rxrelay-ingestion (pyproject.toml)
